
Microsoft Visual Studio Solution File, Format Version 12.00
# Visual Studio Version 17
VisualStudioVersion = 17.3.32929.385
MinimumVisualStudioVersion = 10.0.40219.1
Project("{FAE04EC0-301F-11D3-BF4B-00C04F79EFBC}") = "CodeMerge", "CodeMerge.csproj", "{C0D3475B-CAEA-499E-B2D0-D79A5CD789BE}"
EndProject
Global
	GlobalSection(SolutionConfigurationPlatforms) = preSolution
		Debug|Any CPU = Debug|Any CPU
		Release|Any CPU = Release|Any CPU
	EndGlobalSection
	GlobalSection(ProjectConfigurationPlatforms) = postSolution
		{C0D3475B-CAEA-499E-B2D0-D79A5CD789BE}.Debug|Any CPU.ActiveCfg = Debug|Any CPU
		{C0D3475B-CAEA-499E-B2D0-D79A5CD789BE}.Debug|Any CPU.Build.0 = Debug|Any CPU
		{C0D3475B-CAEA-499E-B2D0-D79A5CD789BE}.Release|Any CPU.ActiveCfg = Release|Any CPU
		{C0D3475B-CAEA-499E-B2D0-D79A5CD789BE}.Release|Any CPU.Build.0 = Release|Any CPU
	EndGlobalSection
	GlobalSection(SolutionProperties) = preSolution
		HideSolutionNode = FALSE
	EndGlobalSection
	GlobalSection(ExtensibilityGlobals) = postSolution
		SolutionGuid = {DAAB63AB-19C4-4253-95B4-64BCAF721633}
	EndGlobalSection
EndGlobal
